
Microsoft Visual Studio Solution File, Format Version 12.00
# Visual Studio Version 16
VisualStudioVersion = 16.0.31112.23
MinimumVisualStudioVersion = 10.0.40219.1
Project("{FAE04EC0-301F-11D3-BF4B-00C04F79EFBC}") = "ConsoleApp1", "ConsoleApp1\ConsoleApp1.csproj", "{B6186B8F-961B-4708-8531-5D065B96A6E5}"
EndProject
Global
	GlobalSection(SolutionConfigurationPlatforms) = preSolution
		Debug|Any CPU = Debug|Any CPU
		Release|Any CPU = Release|Any CPU
	EndGlobalSection
	GlobalSection(ProjectConfigurationPlatforms) = postSolution
		{B6186B8F-961B-4708-8531-5D065B96A6E5}.Debug|Any CPU.ActiveCfg = Debug|Any CPU
		{B6186B8F-961B-4708-8531-5D065B96A6E5}.Debug|Any CPU.Build.0 = Debug|Any CPU
		{B6186B8F-961B-4708-8531-5D065B96A6E5}.Release|Any CPU.ActiveCfg = Release|Any CPU
		{B6186B8F-961B-4708-8531-5D065B96A6E5}.Release|Any CPU.Build.0 = Release|Any CPU
	EndGlobalSection
	GlobalSection(SolutionProperties) = preSolution
		HideSolutionNode = FALSE
	EndGlobalSection
	GlobalSection(ExtensibilityGlobals) = postSolution
		SolutionGuid = {F6B41368-1208-4C76-B293-C8071D7A1919}
	EndGlobalSection
EndGlobal
